
Microsoft Visual Studio Solution File, Format Version 12.00
# Visual Studio 2013
VisualStudioVersion = 12.0.31101.0
MinimumVisualStudioVersion = 10.0.40219.1
Project("{FAE04EC0-301F-11D3-BF4B-00C04F79EFBC}") = "HMMTest", "HMMTest\HMMTest.csproj", "{07494CF5-7837-411B-B207-C7368C45AA81}"
EndProject
Project("{FAE04EC0-301F-11D3-BF4B-00C04F79EFBC}") = "HMMWPF", "HMMWPF\HMMWPF.csproj", "{7A65FF45-4A01-405F-BFB6-82F4B23344ED}"
EndProject
Global
	GlobalSection(SolutionConfigurationPlatforms) = preSolution
		Debug|Any CPU = Debug|Any CPU
		Release|Any CPU = Release|Any CPU
	EndGlobalSection
	GlobalSection(ProjectConfigurationPlatforms) = postSolution
		{07494CF5-7837-411B-B207-C7368C45AA81}.Debug|Any CPU.ActiveCfg = Debug|Any CPU
		{07494CF5-7837-411B-B207-C7368C45AA81}.Debug|Any CPU.Build.0 = Debug|Any CPU
		{07494CF5-7837-411B-B207-C7368C45AA81}.Release|Any CPU.ActiveCfg = Release|Any CPU
		{07494CF5-7837-411B-B207-C7368C45AA81}.Release|Any CPU.Build.0 = Release|Any CPU
		{7A65FF45-4A01-405F-BFB6-82F4B23344ED}.Debug|Any CPU.ActiveCfg = Debug|Any CPU
		{7A65FF45-4A01-405F-BFB6-82F4B23344ED}.Debug|Any CPU.Build.0 = Debug|Any CPU
		{7A65FF45-4A01-405F-BFB6-82F4B23344ED}.Release|Any CPU.ActiveCfg = Release|Any CPU
		{7A65FF45-4A01-405F-BFB6-82F4B23344ED}.Release|Any CPU.Build.0 = Release|Any CPU
	EndGlobalSection
	GlobalSection(SolutionProperties) = preSolution
		HideSolutionNode = FALSE
	EndGlobalSection
EndGlobal
